{
  "name": "microfront-app",
  "lockfileVersion": 3,
  "requires": true,
  "packages": {
    "": {
      "dependencies": {
        "@stencil/core": "3.3.0"
      }
    },
    "node_modules/@stencil/core": {
      "version": "3.3.0",
      "resolved": "https://registry.npmjs.org/@stencil/core/-/core-3.3.0.tgz",
      "integrity": "sha512-+3hqJ8RmUvxz8FgvMP9lxYJdjb4EnZrkdo6ln5fUqGju62ORS5/Ch9m6OAIjlEn6CbDb5Uf1OdeMjO87DJwIAA==",
      "bin": {
        "stencil": "bin/stencil"
      },
      "engines": {
        "node": ">=14.10.0",
        "npm": ">=6.0.0"
      }
    }
  }
}
